{
  "name": "learn-canvas",
  "version": "1.0.0",
  "lockfileVersion": 1,
  "requires": true,
  "dependencies": {
    "@rollup/pluginutils": {
      "version": "3.0.8",
      "resolved": "https://registry.npmjs.org/@rollup/pluginutils/-/pluginutils-3.0.8.tgz",
      "integrity": "sha512-rYGeAc4sxcZ+kPG/Tw4/fwJODC3IXHYDH4qusdN/b6aLw5LPUbzpecYbEJh4sVQGPFJxd2dBU4kc1H3oy9/bnw==",
      "dev": true,
      "requires": {
        "estree-walker": "^1.0.1"
      },
      "dependencies": {
        "estree-walker": {
          "version": "1.0.1",
          "resolved": "https://registry.npmjs.org/estree-walker/-/estree-walker-1.0.1.tgz",
          "integrity": "sha512-1fMXF3YP4pZZVozF8j/ZLfvnR8NSIljt56UhbZ5PeeDmmGHpgpdwQt7ITlGvYaQukCvuBRMLEiKiYC+oeIg4cg==",
          "dev": true
        }
      }
    },
    "anymatch": {
      "version": "3.1.1",
      "resolved": "https://registry.npmjs.org/anymatch/-/anymatch-3.1.1.tgz",
      "integrity": "sha512-mM8522psRCqzV+6LhomX5wgp25YVibjh8Wj23I5RPkPppSVSjyKD2A2mBJmWGa+KN7f2D6LNh9jkBCeyLktzjg==",
      "requires": {
        "normalize-path": "^3.0.0",
        "picomatch": "^2.0.4"
      }
    },
    "async-limiter": {
      "version": "1.0.1",
      "resolved": "https://registry.npmjs.org/async-limiter/-/async-limiter-1.0.1.tgz",
      "integrity": "sha512-csOlWGAcRFJaI6m+F2WKdnMKr4HhdhFVBk0H/QbJFMCr+uO2kwohwXQPxw/9OCxp05r5ghVBFSyioixx3gfkNQ=="
    },
    "atob": {
      "version": "2.1.2",
      "resolved": "https://registry.npmjs.org/atob/-/atob-2.1.2.tgz",
      "integrity": "sha512-Wm6ukoaOGJi/73p/cl2GvLjTI5JM1k/O14isD73YML8StrH/7/lRFgmg8nICZgD3bZZvjwCGxtMOD3wWNAu8cg==",
      "dev": true
    },
    "binary-extensions": {
      "version": "2.0.0",
      "resolved": "https://registry.npmjs.org/binary-extensions/-/binary-extensions-2.0.0.tgz",
      "integrity": "sha512-Phlt0plgpIIBOGTT/ehfFnbNlfsDEiqmzE2KRXoX1bLIlir4X/MR+zSyBEkL05ffWgnRSf/DXv+WrUAVr93/ow=="
    },
    "braces": {
      "version": "3.0.2",
      "resolved": "https://registry.npmjs.org/braces/-/braces-3.0.2.tgz",
      "integrity": "sha512-b8um+L1RzM3WDSzvhm6gIz1yfTbBt6YTlcEKAvsmqCZZFw46z626lVj9j1yEPW33H5H+lBQpZMP1k8l+78Ha0A==",
      "requires": {
        "fill-range": "^7.0.1"
      }
    },
    "chokidar": {
      "version": "3.3.1",
      "resolved": "https://registry.npmjs.org/chokidar/-/chokidar-3.3.1.tgz",
      "integrity": "sha512-4QYCEWOcK3OJrxwvyyAOxFuhpvOVCYkr33LPfFNBjAD/w3sEzWsp2BUOkI4l9bHvWioAd0rc6NlHUOEaWkTeqg==",
      "requires": {
        "anymatch": "~3.1.1",
        "braces": "~3.0.2",
        "fsevents": "~2.1.2",
        "glob-parent": "~5.1.0",
        "is-binary-path": "~2.1.0",
        "is-glob": "~4.0.1",
        "normalize-path": "~3.0.0",
        "readdirp": "~3.3.0"
      }
    },
    "decode-uri-component": {
      "version": "0.2.0",
      "resolved": "https://registry.npmjs.org/decode-uri-component/-/decode-uri-component-0.2.0.tgz",
      "integrity": "sha1-6zkTMzRYd1y4TNGh+uBiEGu4dUU=",
      "dev": true
    },
    "estree-walker": {
      "version": "0.6.1",
      "resolved": "https://registry.npmjs.org/estree-walker/-/estree-walker-0.6.1.tgz",
      "integrity": "sha512-SqmZANLWS0mnatqbSfRP5g8OXZC12Fgg1IwNtLsyHDzJizORW4khDfjPqJZsemPWBB2uqykUah5YpQ6epsqC/w==",
      "dev": true
    },
    "fill-range": {
      "version": "7.0.1",
      "resolved": "https://registry.npmjs.org/fill-range/-/fill-range-7.0.1.tgz",
      "integrity": "sha512-qOo9F+dMUmC2Lcb4BbVvnKJxTPjCm+RRpe4gDuGrzkL7mEVl/djYSu2OdQ2Pa302N4oqkSg9ir6jaLWJ2USVpQ==",
      "requires": {
        "to-regex-range": "^5.0.1"
      }
    },
    "fsevents": {
      "version": "2.1.3",
      "resolved": "https://registry.npmjs.org/fsevents/-/fsevents-2.1.3.tgz",
      "integrity": "sha512-Auw9a4AxqWpa9GUfj370BMPzzyncfBABW8Mab7BGWBYDj4Isgq+cDKtx0i6u9jcX9pQDnswsaaOTgTmA5pEjuQ==",
      "optional": true
    },
    "glob-parent": {
      "version": "5.1.1",
      "resolved": "https://registry.npmjs.org/glob-parent/-/glob-parent-5.1.1.tgz",
      "integrity": "sha512-FnI+VGOpnlGHWZxthPGR+QhR78fuiK0sNLkHQv+bL9fQi57lNNdquIbna/WrfROrolq8GK5Ek6BiMwqL/voRYQ==",
      "requires": {
        "is-glob": "^4.0.1"
      }
    },
    "is-binary-path": {
      "version": "2.1.0",
      "resolved": "https://registry.npmjs.org/is-binary-path/-/is-binary-path-2.1.0.tgz",
      "integrity": "sha512-ZMERYes6pDydyuGidse7OsHxtbI7WVeUEozgR/g7rd0xUimYNlvZRE/K2MgZTjWy725IfelLeVcEM97mmtRGXw==",
      "requires": {
        "binary-extensions": "^2.0.0"
      }
    },
    "is-extglob": {
      "version": "2.1.1",
      "resolved": "https://registry.npmjs.org/is-extglob/-/is-extglob-2.1.1.tgz",
      "integrity": "sha1-qIwCU1eR8C7TfHahueqXc8gz+MI="
    },
    "is-glob": {
      "version": "4.0.1",
      "resolved": "https://registry.npmjs.org/is-glob/-/is-glob-4.0.1.tgz",
      "integrity": "sha512-5G0tKtBTFImOqDnLB2hG6Bp2qcKEFduo4tZu9MT/H6NQv/ghhy30o55ufafxJ/LdH79LLs2Kfrn85TLKyA7BUg==",
      "requires": {
        "is-extglob": "^2.1.1"
      }
    },
    "is-number": {
      "version": "7.0.0",
      "resolved": "https://registry.npmjs.org/is-number/-/is-number-7.0.0.tgz",
      "integrity": "sha512-41Cifkg6e8TylSpdtTpeLVMqvSBEVzTttHvERD741+pnZ8ANv0004MRL43QKPDlK9cGvNp6NZWZUBlbGXYxxng=="
    },
    "livereload": {
      "version": "0.9.1",
      "resolved": "https://registry.npmjs.org/livereload/-/livereload-0.9.1.tgz",
      "integrity": "sha512-9g7sua11kkyZNo2hLRCG3LuZZwqexoyEyecSlV8cAsfAVVCZqLzVir6XDqmH0r+Vzgnd5LrdHDMyjtFnJQLAYw==",
      "requires": {
        "chokidar": "^3.3.0",
        "livereload-js": "^3.1.0",
        "opts": ">= 1.2.0",
        "ws": "^6.2.1"
      }
    },
    "livereload-js": {
      "version": "3.2.2",
      "resolved": "https://registry.npmjs.org/livereload-js/-/livereload-js-3.2.2.tgz",
      "integrity": "sha512-xhScbNeC687ZINjEf/bD+BMiPx4s4q0mehcLb3zCc8+mykOtmaBR4vqzyIV9rIGdG9JjHaT0LiFdscvivCjX1Q=="
    },
    "mime": {
      "version": "2.4.4",
      "resolved": "https://registry.npmjs.org/mime/-/mime-2.4.4.tgz",
      "integrity": "sha512-LRxmNwziLPT828z+4YkNzloCFC2YM4wrB99k+AV5ZbEyfGNWfG8SO1FUXLmLDBSo89NrJZ4DIWeLjy1CHGhMGA=="
    },
    "normalize-path": {
      "version": "3.0.0",
      "resolved": "https://registry.npmjs.org/normalize-path/-/normalize-path-3.0.0.tgz",
      "integrity": "sha512-6eZs5Ls3WtCisHWp9S2GUy8dqkpGi4BVSz3GaqiE6ezub0512ESztXUwUB6C6IKbQkY2Pnb/mD4WYojCRwcwLA=="
    },
    "opener": {
      "version": "1.5.1",
      "resolved": "https://registry.npmjs.org/opener/-/opener-1.5.1.tgz",
      "integrity": "sha512-goYSy5c2UXE4Ra1xixabeVh1guIX/ZV/YokJksb6q2lubWu6UbvPQ20p542/sFIll1nl8JnCyK9oBaOcCWXwvA=="
    },
    "opts": {
      "version": "1.2.7",
      "resolved": "https://registry.npmjs.org/opts/-/opts-1.2.7.tgz",
      "integrity": "sha512-hwZhzGGG/GQ7igxAVFOEun2N4fWul31qE9nfBdCnZGQCB5+L7tN9xZ+94B4aUpLOJx/of3zZs5XsuubayQYQjA=="
    },
    "path-parse": {
      "version": "1.0.6",
      "resolved": "https://registry.npmjs.org/path-parse/-/path-parse-1.0.6.tgz",
      "integrity": "sha512-GSmOT2EbHrINBf9SR7CDELwlJ8AENk3Qn7OikK4nFYAu3Ote2+JYNVvkpAEQm3/TLNEJFD/xZJjzyxg3KBWOzw==",
      "dev": true
    },
    "picomatch": {
      "version": "2.2.2",
      "resolved": "https://registry.npmjs.org/picomatch/-/picomatch-2.2.2.tgz",
      "integrity": "sha512-q0M/9eZHzmr0AulXyPwNfZjtwZ/RBZlbN3K3CErVrk50T2ASYI7Bye0EvekFY3IP1Nt2DHu0re+V2ZHIpMkuWg=="
    },
    "readdirp": {
      "version": "3.3.0",
      "resolved": "https://registry.npmjs.org/readdirp/-/readdirp-3.3.0.tgz",
      "integrity": "sha512-zz0pAkSPOXXm1viEwygWIPSPkcBYjW1xU5j/JBh5t9bGCJwa6f9+BJa6VaB2g+b55yVrmXzqkyLf4xaWYM0IkQ==",
      "requires": {
        "picomatch": "^2.0.7"
      }
    },
    "resolve": {
      "version": "1.15.1",
      "resolved": "https://registry.npmjs.org/resolve/-/resolve-1.15.1.tgz",
      "integrity": "sha512-84oo6ZTtoTUpjgNEr5SJyzQhzL72gaRodsSfyxC/AXRvwu0Yse9H8eF9IpGo7b8YetZhlI6v7ZQ6bKBFV/6S7w==",
      "dev": true,
      "requires": {
        "path-parse": "^1.0.6"
      }
    },
    "resolve-url": {
      "version": "0.2.1",
      "resolved": "https://registry.npmjs.org/resolve-url/-/resolve-url-0.2.1.tgz",
      "integrity": "sha1-LGN/53yJOv0qZj/iGqkIAGjiBSo=",
      "dev": true
    },
    "rollup-plugin-livereload": {
      "version": "1.2.0",
      "resolved": "https://registry.npmjs.org/rollup-plugin-livereload/-/rollup-plugin-livereload-1.2.0.tgz",
      "integrity": "sha512-zKcS4D8ElSFj9Mv6OAM1kGB3o5LkCtEClewO8CDPEacj6p4DSvTOm6WlKSc8/WtsD0d3Q33Y96c5Jqzyaxo/8g==",
      "requires": {
        "livereload": "^0.9.1"
      }
    },
    "rollup-plugin-serve": {
      "version": "1.0.1",
      "resolved": "https://registry.npmjs.org/rollup-plugin-serve/-/rollup-plugin-serve-1.0.1.tgz",
      "integrity": "sha512-bni0pb4s1YLvn1xBmj+dH1OsLdp8gWA4zqh3yuEtT6/YHhg3nDneGU2GwMcRDQwY2tXzuI0uSeAlF1rY+ODitg==",
      "requires": {
        "mime": ">=2.0.3",
        "opener": "1"
      }
    },
    "rollup-plugin-sourcemaps": {
      "version": "0.5.0",
      "resolved": "https://registry.npmjs.org/rollup-plugin-sourcemaps/-/rollup-plugin-sourcemaps-0.5.0.tgz",
      "integrity": "sha512-xp2vvRvgnYiXydgf/JFFFgYxrqMaQaOrK/g6yZvgwT9R1TSYjD3HKku1pD7iQNjQHkl5yGpokvJLp7cP/lR+aQ==",
      "dev": true,
      "requires": {
        "@rollup/pluginutils": "^3.0.1",
        "source-map-resolve": "^0.5.3"
      }
    },
    "rollup-plugin-typescript": {
      "version": "1.0.1",
      "resolved": "https://registry.npmjs.org/rollup-plugin-typescript/-/rollup-plugin-typescript-1.0.1.tgz",
      "integrity": "sha512-rwJDNn9jv/NsKZuyBb/h0jsclP4CJ58qbvZt2Q9zDIGILF2LtdtvCqMOL+Gq9IVq5MTrTlHZNrn8h7VjQgd8tw==",
      "dev": true,
      "requires": {
        "resolve": "^1.10.0",
        "rollup-pluginutils": "^2.5.0"
      }
    },
    "rollup-pluginutils": {
      "version": "2.8.2",
      "resolved": "https://registry.npmjs.org/rollup-pluginutils/-/rollup-pluginutils-2.8.2.tgz",
      "integrity": "sha512-EEp9NhnUkwY8aif6bxgovPHMoMoNr2FulJziTndpt5H9RdwC47GSGuII9XxpSdzVGM0GWrNPHV6ie1LTNJPaLQ==",
      "dev": true,
      "requires": {
        "estree-walker": "^0.6.1"
      }
    },
    "source-map-resolve": {
      "version": "0.5.3",
      "resolved": "https://registry.npmjs.org/source-map-resolve/-/source-map-resolve-0.5.3.tgz",
      "integrity": "sha512-Htz+RnsXWk5+P2slx5Jh3Q66vhQj1Cllm0zvnaY98+NFx+Dv2CF/f5O/t8x+KaNdrdIAsruNzoh/KpialbqAnw==",
      "dev": true,
      "requires": {
        "atob": "^2.1.2",
        "decode-uri-component": "^0.2.0",
        "resolve-url": "^0.2.1",
        "source-map-url": "^0.4.0",
        "urix": "^0.1.0"
      }
    },
    "source-map-url": {
      "version": "0.4.0",
      "resolved": "https://registry.npmjs.org/source-map-url/-/source-map-url-0.4.0.tgz",
      "integrity": "sha1-PpNdfd1zYxuXZZlW1VEo6HtQhKM=",
      "dev": true
    },
    "to-regex-range": {
      "version": "5.0.1",
      "resolved": "https://registry.npmjs.org/to-regex-range/-/to-regex-range-5.0.1.tgz",
      "integrity": "sha512-65P7iz6X5yEr1cwcgvQxbbIw7Uk3gOy5dIdtZ4rDveLqhrdJP+Li/Hx6tyK0NEb+2GCyneCMJiGqrADCSNk8sQ==",
      "requires": {
        "is-number": "^7.0.0"
      }
    },
    "ts-serializer": {
      "version": "2.2.5",
      "resolved": "https://registry.npmjs.org/ts-serializer/-/ts-serializer-2.2.5.tgz",
      "integrity": "sha512-CM/wqAWUsmVppuilaYyimyDbyjMOgRoMbwo1E894IFmor3fdBi6seG3Ze9qIS7NFKzzcEony5WSLOxlxUe1p8w=="
    },
    "tslib": {
      "version": "1.11.1",
      "resolved": "https://registry.npmjs.org/tslib/-/tslib-1.11.1.tgz",
      "integrity": "sha512-aZW88SY8kQbU7gpV19lN24LtXh/yD4ZZg6qieAJDDg+YBsJcSmLGK9QpnUjAKVG/xefmvJGd1WUmfpT/g6AJGA==",
      "dev": true
    },
    "typescript": {
      "version": "3.8.3",
      "resolved": "https://registry.npmjs.org/typescript/-/typescript-3.8.3.tgz",
      "integrity": "sha512-MYlEfn5VrLNsgudQTVJeNaQFUAI7DkhnOjdpAp4T+ku1TfQClewlbSuTVHiA+8skNBgaf02TL/kLOvig4y3G8w==",
      "dev": true
    },
    "urix": {
      "version": "0.1.0",
      "resolved": "https://registry.npmjs.org/urix/-/urix-0.1.0.tgz",
      "integrity": "sha1-2pN/emLiH+wf0Y1Js1wpNQZ6bHI=",
      "dev": true
    },
    "ws": {
      "version": "6.2.2",
      "resolved": "https://registry.npmjs.org/ws/-/ws-6.2.2.tgz",
      "integrity": "sha512-zmhltoSR8u1cnDsD43TX59mzoMZsLKqUweyYBAIvTngR3shc0W6aOZylZmq/7hqyVxPdi+5Ud2QInblgyE72fw==",
      "requires": {
        "async-limiter": "~1.0.0"
      }
    }
  }
}
